
Microsoft Visual Studio Solution File, Format Version 12.00
# Visual Studio Version 16
VisualStudioVersion = 16.0.30907.101
MinimumVisualStudioVersion = 10.0.40219.1
Project("{FAE04EC0-301F-11D3-BF4B-00C04F79EFBC}") = "Exercício 6", "Exercício 6\Exercício 6.csproj", "{049173BF-E6E2-47DA-9B7C-1FF483D7CE0D}"
EndProject
Global
	GlobalSection(SolutionConfigurationPlatforms) = preSolution
		Debug|Any CPU = Debug|Any CPU
		Release|Any CPU = Release|Any CPU
	EndGlobalSection
	GlobalSection(ProjectConfigurationPlatforms) = postSolution
		{049173BF-E6E2-47DA-9B7C-1FF483D7CE0D}.Debug|Any CPU.ActiveCfg = Debug|Any CPU
		{049173BF-E6E2-47DA-9B7C-1FF483D7CE0D}.Debug|Any CPU.Build.0 = Debug|Any CPU
		{049173BF-E6E2-47DA-9B7C-1FF483D7CE0D}.Release|Any CPU.ActiveCfg = Release|Any CPU
		{049173BF-E6E2-47DA-9B7C-1FF483D7CE0D}.Release|Any CPU.Build.0 = Release|Any CPU
	EndGlobalSection
	GlobalSection(SolutionProperties) = preSolution
		HideSolutionNode = FALSE
	EndGlobalSection
	GlobalSection(ExtensibilityGlobals) = postSolution
		SolutionGuid = {50B9170A-BD04-465C-9A99-85D8B0E41BB4}
	EndGlobalSection
EndGlobal
